
Microsoft Visual Studio Solution File, Format Version 12.00
# Visual Studio Version 17
VisualStudioVersion = 17.4.33110.190
MinimumVisualStudioVersion = 10.0.40219.1
Project("{9A19103F-16F7-4668-BE54-9A1E7A4F7556}") = "13", "13\13.csproj", "{01943510-6E88-412C-8D71-7CA496611E65}"
EndProject
Project("{9A19103F-16F7-4668-BE54-9A1E7A4F7556}") = "1", "1\1.csproj", "{64BFFEF0-C4BC-4E81-AB1A-92DA6965F601}"
EndProject
Project("{9A19103F-16F7-4668-BE54-9A1E7A4F7556}") = "2", "2\2.csproj", "{621E06EB-259E-46A0-8EF0-EB38E8C3ED1A}"
EndProject
Project("{9A19103F-16F7-4668-BE54-9A1E7A4F7556}") = "3", "3\3.csproj", "{2FA693B8-EE13-4509-B3B3-9C93BBE00BA7}"
EndProject
Project("{9A19103F-16F7-4668-BE54-9A1E7A4F7556}") = "4", "4\4.csproj", "{06D16AD7-A386-4EDD-A545-14155B4E2FC3}"
EndProject
Project("{9A19103F-16F7-4668-BE54-9A1E7A4F7556}") = "5", "5\5.csproj", "{90853904-8C58-4FAF-B4CB-C6E1738E5085}"
EndProject
Project("{9A19103F-16F7-4668-BE54-9A1E7A4F7556}") = "6", "6\6.csproj", "{656535DB-19A7-4EA3-8F7A-12376B5D99B1}"
EndProject
Project("{9A19103F-16F7-4668-BE54-9A1E7A4F7556}") = "7", "7\7.csproj", "{D0D13599-97B4-4261-9C27-1E0364573972}"
EndProject
Project("{9A19103F-16F7-4668-BE54-9A1E7A4F7556}") = "8", "8\8.csproj", "{28355D45-0A8B-455D-A85D-27718A65A6DB}"
EndProject
Project("{9A19103F-16F7-4668-BE54-9A1E7A4F7556}") = "9", "9\9.csproj", "{3944FBF9-D056-4655-85BE-1058AD4422DE}"
EndProject
Project("{9A19103F-16F7-4668-BE54-9A1E7A4F7556}") = "10", "10\10.csproj", "{1A109180-9D6C-4A3A-924C-E21FCF2F6F9B}"
EndProject
Project("{9A19103F-16F7-4668-BE54-9A1E7A4F7556}") = "11", "11\11.csproj", "{37ADF34F-EC9A-403F-96D1-86D00540A018}"
EndProject
Project("{9A19103F-16F7-4668-BE54-9A1E7A4F7556}") = "12", "12\12.csproj", "{6CFE8F43-CD1F-41D9-A7BA-0A4219971307}"
EndProject
Project("{FAE04EC0-301F-11D3-BF4B-00C04F79EFBC}") = "14", "14\14.csproj", "{18C8410D-66E3-4EBC-BDF8-FC86A175F129}"
EndProject
Project("{FAE04EC0-301F-11D3-BF4B-00C04F79EFBC}") = "15", "15\15.csproj", "{0B168CBA-3420-4DE2-A19F-06461250C210}"
EndProject
Project("{FAE04EC0-301F-11D3-BF4B-00C04F79EFBC}") = "16", "16\16.csproj", "{8C97AEB6-407E-4D69-BF10-D786679B4148}"
EndProject
Project("{FAE04EC0-301F-11D3-BF4B-00C04F79EFBC}") = "17", "17\17.csproj", "{FA3328DD-59DC-4B91-BF29-4E0F2AF822BD}"
EndProject
Project("{FAE04EC0-301F-11D3-BF4B-00C04F79EFBC}") = "18", "18\18.csproj", "{8E8AA7B9-F661-4B5E-9410-C6DDF7A16FB5}"
EndProject
Project("{FAE04EC0-301F-11D3-BF4B-00C04F79EFBC}") = "19", "19\19.csproj", "{6620A4F4-CD88-4AF0-A20A-39DBB68F5D50}"
EndProject
Project("{FAE04EC0-301F-11D3-BF4B-00C04F79EFBC}") = "20", "20\20.csproj", "{72D65BA6-FC5C-47D7-AA41-C02F06B7C6F6}"
EndProject
Global
	GlobalSection(SolutionConfigurationPlatforms) = preSolution
		Debug|Any CPU = Debug|Any CPU
		Release|Any CPU = Release|Any CPU
	EndGlobalSection
	GlobalSection(ProjectConfigurationPlatforms) = postSolution
		{01943510-6E88-412C-8D71-7CA496611E65}.Debug|Any CPU.ActiveCfg = Debug|Any CPU
		{01943510-6E88-412C-8D71-7CA496611E65}.Debug|Any CPU.Build.0 = Debug|Any CPU
		{01943510-6E88-412C-8D71-7CA496611E65}.Release|Any CPU.ActiveCfg = Release|Any CPU
		{01943510-6E88-412C-8D71-7CA496611E65}.Release|Any CPU.Build.0 = Release|Any CPU
		{64BFFEF0-C4BC-4E81-AB1A-92DA6965F601}.Debug|Any CPU.ActiveCfg = Debug|Any CPU
		{64BFFEF0-C4BC-4E81-AB1A-92DA6965F601}.Debug|Any CPU.Build.0 = Debug|Any CPU
		{64BFFEF0-C4BC-4E81-AB1A-92DA6965F601}.Release|Any CPU.ActiveCfg = Release|Any CPU
		{64BFFEF0-C4BC-4E81-AB1A-92DA6965F601}.Release|Any CPU.Build.0 = Release|Any CPU
		{621E06EB-259E-46A0-8EF0-EB38E8C3ED1A}.Debug|Any CPU.ActiveCfg = Debug|Any CPU
		{621E06EB-259E-46A0-8EF0-EB38E8C3ED1A}.Debug|Any CPU.Build.0 = Debug|Any CPU
		{621E06EB-259E-46A0-8EF0-EB38E8C3ED1A}.Release|Any CPU.ActiveCfg = Release|Any CPU
		{621E06EB-259E-46A0-8EF0-EB38E8C3ED1A}.Release|Any CPU.Build.0 = Release|Any CPU
		{2FA693B8-EE13-4509-B3B3-9C93BBE00BA7}.Debug|Any CPU.ActiveCfg = Debug|Any CPU
		{2FA693B8-EE13-4509-B3B3-9C93BBE00BA7}.Debug|Any CPU.Build.0 = Debug|Any CPU
		{2FA693B8-EE13-4509-B3B3-9C93BBE00BA7}.Release|Any CPU.ActiveCfg = Release|Any CPU
		{2FA693B8-EE13-4509-B3B3-9C93BBE00BA7}.Release|Any CPU.Build.0 = Release|Any CPU
		{06D16AD7-A386-4EDD-A545-14155B4E2FC3}.Debug|Any CPU.ActiveCfg = Debug|Any CPU
		{06D16AD7-A386-4EDD-A545-14155B4E2FC3}.Debug|Any CPU.Build.0 = Debug|Any CPU
		{06D16AD7-A386-4EDD-A545-14155B4E2FC3}.Release|Any CPU.ActiveCfg = Release|Any CPU
		{06D16AD7-A386-4EDD-A545-14155B4E2FC3}.Release|Any CPU.Build.0 = Release|Any CPU
		{90853904-8C58-4FAF-B4CB-C6E1738E5085}.Debug|Any CPU.ActiveCfg = Debug|Any CPU
		{90853904-8C58-4FAF-B4CB-C6E1738E5085}.Debug|Any CPU.Build.0 = Debug|Any CPU
		{90853904-8C58-4FAF-B4CB-C6E1738E5085}.Release|Any CPU.ActiveCfg = Release|Any CPU
		{90853904-8C58-4FAF-B4CB-C6E1738E5085}.Release|Any CPU.Build.0 = Release|Any CPU
		{656535DB-19A7-4EA3-8F7A-12376B5D99B1}.Debug|Any CPU.ActiveCfg = Debug|Any CPU
		{656535DB-19A7-4EA3-8F7A-12376B5D99B1}.Debug|Any CPU.Build.0 = Debug|Any CPU
		{656535DB-19A7-4EA3-8F7A-12376B5D99B1}.Release|Any CPU.ActiveCfg = Release|Any CPU
		{656535DB-19A7-4EA3-8F7A-12376B5D99B1}.Release|Any CPU.Build.0 = Release|Any CPU
		{D0D13599-97B4-4261-9C27-1E0364573972}.Debug|Any CPU.ActiveCfg = Debug|Any CPU
		{D0D13599-97B4-4261-9C27-1E0364573972}.Debug|Any CPU.Build.0 = Debug|Any CPU
		{D0D13599-97B4-4261-9C27-1E0364573972}.Release|Any CPU.ActiveCfg = Release|Any CPU
		{D0D13599-97B4-4261-9C27-1E0364573972}.Release|Any CPU.Build.0 = Release|Any CPU
		{28355D45-0A8B-455D-A85D-27718A65A6DB}.Debug|Any CPU.ActiveCfg = Debug|Any CPU
		{28355D45-0A8B-455D-A85D-27718A65A6DB}.Debug|Any CPU.Build.0 = Debug|Any CPU
		{28355D45-0A8B-455D-A85D-27718A65A6DB}.Release|Any CPU.ActiveCfg = Release|Any CPU
		{28355D45-0A8B-455D-A85D-27718A65A6DB}.Release|Any CPU.Build.0 = Release|Any CPU
		{3944FBF9-D056-4655-85BE-1058AD4422DE}.Debug|Any CPU.ActiveCfg = Debug|Any CPU
		{3944FBF9-D056-4655-85BE-1058AD4422DE}.Debug|Any CPU.Build.0 = Debug|Any CPU
		{3944FBF9-D056-4655-85BE-1058AD4422DE}.Release|Any CPU.ActiveCfg = Release|Any CPU
		{3944FBF9-D056-4655-85BE-1058AD4422DE}.Release|Any CPU.Build.0 = Release|Any CPU
		{1A109180-9D6C-4A3A-924C-E21FCF2F6F9B}.Debug|Any CPU.ActiveCfg = Debug|Any CPU
		{1A109180-9D6C-4A3A-924C-E21FCF2F6F9B}.Debug|Any CPU.Build.0 = Debug|Any CPU
		{1A109180-9D6C-4A3A-924C-E21FCF2F6F9B}.Release|Any CPU.ActiveCfg = Release|Any CPU
		{1A109180-9D6C-4A3A-924C-E21FCF2F6F9B}.Release|Any CPU.Build.0 = Release|Any CPU
		{37ADF34F-EC9A-403F-96D1-86D00540A018}.Debug|Any CPU.ActiveCfg = Debug|Any CPU
		{37ADF34F-EC9A-403F-96D1-86D00540A018}.Debug|Any CPU.Build.0 = Debug|Any CPU
		{37ADF34F-EC9A-403F-96D1-86D00540A018}.Release|Any CPU.ActiveCfg = Release|Any CPU
		{37ADF34F-EC9A-403F-96D1-86D00540A018}.Release|Any CPU.Build.0 = Release|Any CPU
		{6CFE8F43-CD1F-41D9-A7BA-0A4219971307}.Debug|Any CPU.ActiveCfg = Debug|Any CPU
		{6CFE8F43-CD1F-41D9-A7BA-0A4219971307}.Debug|Any CPU.Build.0 = Debug|Any CPU
		{6CFE8F43-CD1F-41D9-A7BA-0A4219971307}.Release|Any CPU.ActiveCfg = Release|Any CPU
		{6CFE8F43-CD1F-41D9-A7BA-0A4219971307}.Release|Any CPU.Build.0 = Release|Any CPU
		{18C8410D-66E3-4EBC-BDF8-FC86A175F129}.Debug|Any CPU.ActiveCfg = Debug|Any CPU
		{18C8410D-66E3-4EBC-BDF8-FC86A175F129}.Debug|Any CPU.Build.0 = Debug|Any CPU
		{18C8410D-66E3-4EBC-BDF8-FC86A175F129}.Release|Any CPU.ActiveCfg = Release|Any CPU
		{18C8410D-66E3-4EBC-BDF8-FC86A175F129}.Release|Any CPU.Build.0 = Release|Any CPU
		{0B168CBA-3420-4DE2-A19F-06461250C210}.Debug|Any CPU.ActiveCfg = Debug|Any CPU
		{0B168CBA-3420-4DE2-A19F-06461250C210}.Debug|Any CPU.Build.0 = Debug|Any CPU
		{0B168CBA-3420-4DE2-A19F-06461250C210}.Release|Any CPU.ActiveCfg = Release|Any CPU
		{0B168CBA-3420-4DE2-A19F-06461250C210}.Release|Any CPU.Build.0 = Release|Any CPU
		{8C97AEB6-407E-4D69-BF10-D786679B4148}.Debug|Any CPU.ActiveCfg = Debug|Any CPU
		{8C97AEB6-407E-4D69-BF10-D786679B4148}.Debug|Any CPU.Build.0 = Debug|Any CPU
		{8C97AEB6-407E-4D69-BF10-D786679B4148}.Release|Any CPU.ActiveCfg = Release|Any CPU
		{8C97AEB6-407E-4D69-BF10-D786679B4148}.Release|Any CPU.Build.0 = Release|Any CPU
		{FA3328DD-59DC-4B91-BF29-4E0F2AF822BD}.Debug|Any CPU.ActiveCfg = Debug|Any CPU
		{FA3328DD-59DC-4B91-BF29-4E0F2AF822BD}.Debug|Any CPU.Build.0 = Debug|Any CPU
		{FA3328DD-59DC-4B91-BF29-4E0F2AF822BD}.Release|Any CPU.ActiveCfg = Release|Any CPU
		{FA3328DD-59DC-4B91-BF29-4E0F2AF822BD}.Release|Any CPU.Build.0 = Release|Any CPU
		{8E8AA7B9-F661-4B5E-9410-C6DDF7A16FB5}.Debug|Any CPU.ActiveCfg = Debug|Any CPU
		{8E8AA7B9-F661-4B5E-9410-C6DDF7A16FB5}.Debug|Any CPU.Build.0 = Debug|Any CPU
		{8E8AA7B9-F661-4B5E-9410-C6DDF7A16FB5}.Release|Any CPU.ActiveCfg = Release|Any CPU
		{8E8AA7B9-F661-4B5E-9410-C6DDF7A16FB5}.Release|Any CPU.Build.0 = Release|Any CPU
		{6620A4F4-CD88-4AF0-A20A-39DBB68F5D50}.Debug|Any CPU.ActiveCfg = Debug|Any CPU
		{6620A4F4-CD88-4AF0-A20A-39DBB68F5D50}.Debug|Any CPU.Build.0 = Debug|Any CPU
		{6620A4F4-CD88-4AF0-A20A-39DBB68F5D50}.Release|Any CPU.ActiveCfg = Release|Any CPU
		{6620A4F4-CD88-4AF0-A20A-39DBB68F5D50}.Release|Any CPU.Build.0 = Release|Any CPU
		{72D65BA6-FC5C-47D7-AA41-C02F06B7C6F6}.Debug|Any CPU.ActiveCfg = Debug|Any CPU
		{72D65BA6-FC5C-47D7-AA41-C02F06B7C6F6}.Debug|Any CPU.Build.0 = Debug|Any CPU
		{72D65BA6-FC5C-47D7-AA41-C02F06B7C6F6}.Release|Any CPU.ActiveCfg = Release|Any CPU
		{72D65BA6-FC5C-47D7-AA41-C02F06B7C6F6}.Release|Any CPU.Build.0 = Release|Any CPU
	EndGlobalSection
	GlobalSection(SolutionProperties) = preSolution
		HideSolutionNode = FALSE
	EndGlobalSection
	GlobalSection(ExtensibilityGlobals) = postSolution
		SolutionGuid = {68ABFD31-8D2D-4CE7-A6AB-03D720859BCA}
	EndGlobalSection
EndGlobal
