
Microsoft Visual Studio Solution File, Format Version 12.00
# Visual Studio Version 17
VisualStudioVersion = 17.4.33110.190
MinimumVisualStudioVersion = 10.0.40219.1
Project("{FAE04EC0-301F-11D3-BF4B-00C04F79EFBC}") = "TwoEvenNumber", "TwoEvenNumber\TwoEvenNumber.csproj", "{46D0ECA5-F721-4F77-9D15-FC6DBB23ACA2}"
EndProject
Project("{FAE04EC0-301F-11D3-BF4B-00C04F79EFBC}") = "PrintOneYear", "PrintOneYear\PrintOneYear.csproj", "{62E8467A-A707-4E7F-97CC-C56B516B58F5}"
EndProject
Project("{FAE04EC0-301F-11D3-BF4B-00C04F79EFBC}") = "IsTrainNumber", "IsTrainNumber\IsTrainNumber.csproj", "{D836FDF7-D01D-4E48-82D4-2752DCD78304}"
EndProject
Project("{FAE04EC0-301F-11D3-BF4B-00C04F79EFBC}") = "IsSquare", "IsSquare\IsSquare.csproj", "{D772D223-6E50-4CD9-A3A6-AD965AC9D3BC}"
EndProject
Global
	GlobalSection(SolutionConfigurationPlatforms) = preSolution
		Debug|Any CPU = Debug|Any CPU
		Release|Any CPU = Release|Any CPU
	EndGlobalSection
	GlobalSection(ProjectConfigurationPlatforms) = postSolution
		{46D0ECA5-F721-4F77-9D15-FC6DBB23ACA2}.Debug|Any CPU.ActiveCfg = Debug|Any CPU
		{46D0ECA5-F721-4F77-9D15-FC6DBB23ACA2}.Debug|Any CPU.Build.0 = Debug|Any CPU
		{46D0ECA5-F721-4F77-9D15-FC6DBB23ACA2}.Release|Any CPU.ActiveCfg = Release|Any CPU
		{46D0ECA5-F721-4F77-9D15-FC6DBB23ACA2}.Release|Any CPU.Build.0 = Release|Any CPU
		{62E8467A-A707-4E7F-97CC-C56B516B58F5}.Debug|Any CPU.ActiveCfg = Debug|Any CPU
		{62E8467A-A707-4E7F-97CC-C56B516B58F5}.Debug|Any CPU.Build.0 = Debug|Any CPU
		{62E8467A-A707-4E7F-97CC-C56B516B58F5}.Release|Any CPU.ActiveCfg = Release|Any CPU
		{62E8467A-A707-4E7F-97CC-C56B516B58F5}.Release|Any CPU.Build.0 = Release|Any CPU
		{D836FDF7-D01D-4E48-82D4-2752DCD78304}.Debug|Any CPU.ActiveCfg = Debug|Any CPU
		{D836FDF7-D01D-4E48-82D4-2752DCD78304}.Debug|Any CPU.Build.0 = Debug|Any CPU
		{D836FDF7-D01D-4E48-82D4-2752DCD78304}.Release|Any CPU.ActiveCfg = Release|Any CPU
		{D836FDF7-D01D-4E48-82D4-2752DCD78304}.Release|Any CPU.Build.0 = Release|Any CPU
		{D772D223-6E50-4CD9-A3A6-AD965AC9D3BC}.Debug|Any CPU.ActiveCfg = Debug|Any CPU
		{D772D223-6E50-4CD9-A3A6-AD965AC9D3BC}.Debug|Any CPU.Build.0 = Debug|Any CPU
		{D772D223-6E50-4CD9-A3A6-AD965AC9D3BC}.Release|Any CPU.ActiveCfg = Release|Any CPU
		{D772D223-6E50-4CD9-A3A6-AD965AC9D3BC}.Release|Any CPU.Build.0 = Release|Any CPU
	EndGlobalSection
	GlobalSection(SolutionProperties) = preSolution
		HideSolutionNode = FALSE
	EndGlobalSection
	GlobalSection(ExtensibilityGlobals) = postSolution
		SolutionGuid = {68ABFD31-8D2D-4CE7-A6AB-03D720859BCA}
	EndGlobalSection
EndGlobal
